
Microsoft Visual Studio Solution File, Format Version 12.00
# Visual Studio 2013
VisualStudioVersion = 12.0.30723.0
MinimumVisualStudioVersion = 10.0.40219.1
Project("{FAE04EC0-301F-11D3-BF4B-00C04F79EFBC}") = "CHAssignment1", "CHAssignment1\CHAssignment1.csproj", "{DBC1ACB4-4862-45EE-A9B9-4422FAB39C1D}"
EndProject
Global
	GlobalSection(SolutionConfigurationPlatforms) = preSolution
		Debug|Any CPU = Debug|Any CPU
		Release|Any CPU = Release|Any CPU
	EndGlobalSection
	GlobalSection(ProjectConfigurationPlatforms) = postSolution
		{DBC1ACB4-4862-45EE-A9B9-4422FAB39C1D}.Debug|Any CPU.ActiveCfg = Debug|Any CPU
		{DBC1ACB4-4862-45EE-A9B9-4422FAB39C1D}.Debug|Any CPU.Build.0 = Debug|Any CPU
		{DBC1ACB4-4862-45EE-A9B9-4422FAB39C1D}.Release|Any CPU.ActiveCfg = Release|Any CPU
		{DBC1ACB4-4862-45EE-A9B9-4422FAB39C1D}.Release|Any CPU.Build.0 = Release|Any CPU
	EndGlobalSection
	GlobalSection(SolutionProperties) = preSolution
		HideSolutionNode = FALSE
	EndGlobalSection
EndGlobal
